
Microsoft Visual Studio Solution File, Format Version 12.00
# Visual Studio Version 16
VisualStudioVersion = 16.0.31313.79
MinimumVisualStudioVersion = 10.0.40219.1
Project("{8BC9CEB8-8B4A-11D0-8D11-00A0C91BC942}") = "ConsoleApplication1", "ConsoleApplication1\ConsoleApplication1.vcxproj", "{AFA3FE0C-533F-4ACD-9699-B86A377B8D44}"
EndProject
Global
	GlobalSection(SolutionConfigurationPlatforms) = preSolution
		Debug|x64 = Debug|x64
		Debug|x86 = Debug|x86
		Release|x64 = Release|x64
		Release|x86 = Release|x86
	EndGlobalSection
	GlobalSection(ProjectConfigurationPlatforms) = postSolution
		{AFA3FE0C-533F-4ACD-9699-B86A377B8D44}.Debug|x64.ActiveCfg = Debug|x64
		{AFA3FE0C-533F-4ACD-9699-B86A377B8D44}.Debug|x64.Build.0 = Debug|x64
		{AFA3FE0C-533F-4ACD-9699-B86A377B8D44}.Debug|x86.ActiveCfg = Debug|Win32
		{AFA3FE0C-533F-4ACD-9699-B86A377B8D44}.Debug|x86.Build.0 = Debug|Win32
		{AFA3FE0C-533F-4ACD-9699-B86A377B8D44}.Release|x64.ActiveCfg = Release|x64
		{AFA3FE0C-533F-4ACD-9699-B86A377B8D44}.Release|x64.Build.0 = Release|x64
		{AFA3FE0C-533F-4ACD-9699-B86A377B8D44}.Release|x86.ActiveCfg = Release|Win32
		{AFA3FE0C-533F-4ACD-9699-B86A377B8D44}.Release|x86.Build.0 = Release|Win32
	EndGlobalSection
	GlobalSection(SolutionProperties) = preSolution
		HideSolutionNode = FALSE
	EndGlobalSection
	GlobalSection(ExtensibilityGlobals) = postSolution
		SolutionGuid = {10E33809-5DDC-4A3C-BBA3-3BF8C2FC1134}
	EndGlobalSection
EndGlobal
