
Microsoft Visual Studio Solution File, Format Version 12.00
# Visual Studio Version 16
VisualStudioVersion = 16.0.31313.79
MinimumVisualStudioVersion = 10.0.40219.1
Project("{8BC9CEB8-8B4A-11D0-8D11-00A0C91BC942}") = "ConsoleApplication1", "ConsoleApplication1\ConsoleApplication1.vcxproj", "{150F43E0-CCA7-4FC8-AC0F-81E82EA124DE}"
EndProject
Global
	GlobalSection(SolutionConfigurationPlatforms) = preSolution
		Debug|x64 = Debug|x64
		Debug|x86 = Debug|x86
		Release|x64 = Release|x64
		Release|x86 = Release|x86
	EndGlobalSection
	GlobalSection(ProjectConfigurationPlatforms) = postSolution
		{150F43E0-CCA7-4FC8-AC0F-81E82EA124DE}.Debug|x64.ActiveCfg = Debug|x64
		{150F43E0-CCA7-4FC8-AC0F-81E82EA124DE}.Debug|x64.Build.0 = Debug|x64
		{150F43E0-CCA7-4FC8-AC0F-81E82EA124DE}.Debug|x86.ActiveCfg = Debug|Win32
		{150F43E0-CCA7-4FC8-AC0F-81E82EA124DE}.Debug|x86.Build.0 = Debug|Win32
		{150F43E0-CCA7-4FC8-AC0F-81E82EA124DE}.Release|x64.ActiveCfg = Release|x64
		{150F43E0-CCA7-4FC8-AC0F-81E82EA124DE}.Release|x64.Build.0 = Release|x64
		{150F43E0-CCA7-4FC8-AC0F-81E82EA124DE}.Release|x86.ActiveCfg = Release|Win32
		{150F43E0-CCA7-4FC8-AC0F-81E82EA124DE}.Release|x86.Build.0 = Release|Win32
	EndGlobalSection
	GlobalSection(SolutionProperties) = preSolution
		HideSolutionNode = FALSE
	EndGlobalSection
	GlobalSection(ExtensibilityGlobals) = postSolution
		SolutionGuid = {612AAA7F-BBCF-4C4B-9138-A3D249BA9F8F}
	EndGlobalSection
EndGlobal
